// !$*UTF8*$!
{
	archiveVersion = 1;
	classes = {
	};
	objectVersion = 55;
	objects = {

/* Begin PBXBuildFile section */
		852A9217282A3984002DB516 /* FavoriteView.swift in Sources */ = {isa = PBXBuildFile; fileRef = 852A9216282A3984002DB516 /* FavoriteView.swift */; };
		852A9219282A3ADB002DB516 /* Models.swift in Sources */ = {isa = PBXBuildFile; fileRef = 852A9218282A3ADB002DB516 /* Models.swift */; };
		852A921B282A441D002DB516 /* DetailView.swift in Sources */ = {isa = PBXBuildFile; fileRef = 852A921A282A441D002DB516 /* DetailView.swift */; };
		852A921D282A49EE002DB516 /* RestApi.swift in Sources */ = {isa = PBXBuildFile; fileRef = 852A921C282A49EE002DB516 /* RestApi.swift */; };
		852A9221282A53A9002DB516 /* Helpers.swift in Sources */ = {isa = PBXBuildFile; fileRef = 852A9220282A53A9002DB516 /* Helpers.swift */; };
		854CEC1D2821089D005D3AC4 /* CoinGeckoApp.swift in Sources */ = {isa = PBXBuildFile; fileRef = 854CEC1C2821089D005D3AC4 /* CoinGeckoApp.swift */; };
		854CEC1F2821089D005D3AC4 /* ContentView.swift in Sources */ = {isa = PBXBuildFile; fileRef = 854CEC1E2821089D005D3AC4 /* ContentView.swift */; };
		854CEC212821089F005D3AC4 /* Assets.xcassets in Resources */ = {isa = PBXBuildFile; fileRef = 854CEC202821089F005D3AC4 /* Assets.xcassets */; };
		854CEC242821089F005D3AC4 /* Preview Assets.xcassets in Resources */ = {isa = PBXBuildFile; fileRef = 854CEC232821089F005D3AC4 /* Preview Assets.xcassets */; };
		8572192D2830F54400340E10 /* SwiftUICharts in Frameworks */ = {isa = PBXBuildFile; productRef = 8572192C2830F54400340E10 /* SwiftUICharts */; };
/* End PBXBuildFile section */

/* Begin PBXFileReference section */
		852A9216282A3984002DB516 /* FavoriteView.swift */ = {isa = PBXFileReference; lastKnownFileType = sourcecode.swift; path = FavoriteView.swift; sourceTree = "<group>"; };
		852A9218282A3ADB002DB516 /* Models.swift */ = {isa = PBXFileReference; lastKnownFileType = sourcecode.swift; path = Models.swift; sourceTree = "<group>"; };
		852A921A282A441D002DB516 /* DetailView.swift */ = {isa = PBXFileReference; lastKnownFileType = sourcecode.swift; path = DetailView.swift; sourceTree = "<group>"; };
		852A921C282A49EE002DB516 /* RestApi.swift */ = {isa = PBXFileReference; lastKnownFileType = sourcecode.swift; path = RestApi.swift; sourceTree = "<group>"; };
		852A9220282A53A9002DB516 /* Helpers.swift */ = {isa = PBXFileReference; lastKnownFileType = sourcecode.swift; path = Helpers.swift; sourceTree = "<group>"; };
		854CEC192821089D005D3AC4 /* CoinGecko.app */ = {isa = PBXFileReference; explicitFileType = wrapper.application; includeInIndex = 0; path = CoinGecko.app; sourceTree = BUILT_PRODUCTS_DIR; };
		854CEC1C2821089D005D3AC4 /* CoinGeckoApp.swift */ = {isa = PBXFileReference; lastKnownFileType = sourcecode.swift; path = CoinGeckoApp.swift; sourceTree = "<group>"; };
		854CEC1E2821089D005D3AC4 /* ContentView.swift */ = {isa = PBXFileReference; lastKnownFileType = sourcecode.swift; path = ContentView.swift; sourceTree = "<group>"; };
		854CEC202821089F005D3AC4 /* Assets.xcassets */ = {isa = PBXFileReference; lastKnownFileType = folder.assetcatalog; path = Assets.xcassets; sourceTree = "<group>"; };
		854CEC232821089F005D3AC4 /* Preview Assets.xcassets */ = {isa = PBXFileReference; lastKnownFileType = folder.assetcatalog; path = "Preview Assets.xcassets"; sourceTree = "<group>"; };
/* End PBXFileReference section */

/* Begin PBXFrameworksBuildPhase section */
		854CEC162821089D005D3AC4 /* Frameworks */ = {
			isa = PBXFrameworksBuildPhase;
			buildActionMask = 2147483647;
			files = (
				8572192D2830F54400340E10 /* SwiftUICharts in Frameworks */,
			);
			runOnlyForDeploymentPostprocessing = 0;
		};
/* End PBXFrameworksBuildPhase section */

/* Begin PBXGroup section */
		854CEC102821089D005D3AC4 = {
			isa = PBXGroup;
			children = (
				854CEC1B2821089D005D3AC4 /* CoinGecko */,
				854CEC1A2821089D005D3AC4 /* Products */,
			);
			sourceTree = "<group>";
		};
		854CEC1A2821089D005D3AC4 /* Products */ = {
			isa = PBXGroup;
			children = (
				854CEC192821089D005D3AC4 /* CoinGecko.app */,
			);
			name = Products;
			sourceTree = "<group>";
		};
		854CEC1B2821089D005D3AC4 /* CoinGecko */ = {
			isa = PBXGroup;
			children = (
				854CEC1C2821089D005D3AC4 /* CoinGeckoApp.swift */,
				854CEC1E2821089D005D3AC4 /* ContentView.swift */,
				854CEC202821089F005D3AC4 /* Assets.xcassets */,
				854CEC222821089F005D3AC4 /* Preview Content */,
				852A9216282A3984002DB516 /* FavoriteView.swift */,
				852A9218282A3ADB002DB516 /* Models.swift */,
				852A921A282A441D002DB516 /* DetailView.swift */,
				852A921C282A49EE002DB516 /* RestApi.swift */,
				852A9220282A53A9002DB516 /* Helpers.swift */,
			);
			path = CoinGecko;
			sourceTree = "<group>";
		};
		854CEC222821089F005D3AC4 /* Preview Content */ = {
			isa = PBXGroup;
			children = (
				854CEC232821089F005D3AC4 /* Preview Assets.xcassets */,
			);
			path = "Preview Content";
			sourceTree = "<group>";
		};
/* End PBXGroup section */

/* Begin PBXNativeTarget section */
		854CEC182821089D005D3AC4 /* CoinGecko */ = {
			isa = PBXNativeTarget;
			buildConfigurationList = 854CEC272821089F005D3AC4 /* Build configuration list for PBXNativeTarget "CoinGecko" */;
			buildPhases = (
				854CEC152821089D005D3AC4 /* Sources */,
				854CEC162821089D005D3AC4 /* Frameworks */,
				854CEC172821089D005D3AC4 /* Resources */,
			);
			buildRules = (
			);
			dependencies = (
			);
			name = CoinGecko;
			packageProductDependencies = (
				8572192C2830F54400340E10 /* SwiftUICharts */,
			);
			productName = CoinGecko;
			productReference = 854CEC192821089D005D3AC4 /* CoinGecko.app */;
			productType = "com.apple.product-type.application";
		};
/* End PBXNativeTarget section */

/* Begin PBXProject section */
		854CEC112821089D005D3AC4 /* Project object */ = {
			isa = PBXProject;
			attributes = {
				BuildIndependentTargetsInParallel = 1;
				LastSwiftUpdateCheck = 1330;
				LastUpgradeCheck = 1330;
				TargetAttributes = {
					854CEC182821089D005D3AC4 = {
						CreatedOnToolsVersion = 13.3;
					};
				};
			};
			buildConfigurationList = 854CEC142821089D005D3AC4 /* Build configuration list for PBXProject "CoinGecko" */;
			compatibilityVersion = "Xcode 13.0";
			developmentRegion = en;
			hasScannedForEncodings = 0;
			knownRegions = (
				en,
				Base,
			);
			mainGroup = 854CEC102821089D005D3AC4;
			packageReferences = (
				8572192B2830F54400340E10 /* XCRemoteSwiftPackageReference "ChartView" */,
			);
			productRefGroup = 854CEC1A2821089D005D3AC4 /* Products */;
			projectDirPath = "";
			projectRoot = "";
			targets = (
				854CEC182821089D005D3AC4 /* CoinGecko */,
			);
		};
/* End PBXProject section */

/* Begin PBXResourcesBuildPhase section */
		854CEC172821089D005D3AC4 /* Resources */ = {
			isa = PBXResourcesBuildPhase;
			buildActionMask = 2147483647;
			files = (
				854CEC242821089F005D3AC4 /* Preview Assets.xcassets in Resources */,
				854CEC212821089F005D3AC4 /* Assets.xcassets in Resources */,
			);
			runOnlyForDeploymentPostprocessing = 0;
		};
/* End PBXResourcesBuildPhase section */

/* Begin PBXSourcesBuildPhase section */
		854CEC152821089D005D3AC4 /* Sources */ = {
			isa = PBXSourcesBuildPhase;
			buildActionMask = 2147483647;
			files = (
				854CEC1F2821089D005D3AC4 /* ContentView.swift in Sources */,
				852A9221282A53A9002DB516 /* Helpers.swift in Sources */,
				852A9217282A3984002DB516 /* FavoriteView.swift in Sources */,
				852A921D282A49EE002DB516 /* RestApi.swift in Sources */,
				854CEC1D2821089D005D3AC4 /* CoinGeckoApp.swift in Sources */,
				852A921B282A441D002DB516 /* DetailView.swift in Sources */,
				852A9219282A3ADB002DB516 /* Models.swift in Sources */,
			);
			runOnlyForDeploymentPostprocessing = 0;
		};
/* End PBXSourcesBuildPhase section */

/* Begin XCBuildConfiguration section */
		854CEC252821089F005D3AC4 /* Debug */ = {
			isa = XCBuildConfiguration;
			buildSettings = {
				ALWAYS_SEARCH_USER_PATHS = NO;
				CLANG_ANALYZER_NONNULL = YES;
				CLANG_ANALYZER_NUMBER_OBJECT_CONVERSION = YES_AGGRESSIVE;
				CLANG_CXX_LANGUAGE_STANDARD = "gnu++17";
				CLANG_ENABLE_MODULES = YES;
				CLANG_ENABLE_OBJC_ARC = YES;
				CLANG_ENABLE_OBJC_WEAK = YES;
				CLANG_WARN_BLOCK_CAPTURE_AUTORELEASING = YES;
				CLANG_WARN_BOOL_CONVERSION = YES;
				CLANG_WARN_COMMA = YES;
				CLANG_WARN_CONSTANT_CONVERSION = YES;
				CLANG_WARN_DEPRECATED_OBJC_IMPLEMENTATIONS = YES;
				CLANG_WARN_DIRECT_OBJC_ISA_USAGE = YES_ERROR;
				CLANG_WARN_DOCUMENTATION_COMMENTS = YES;
				CLANG_WARN_EMPTY_BODY = YES;
				CLANG_WARN_ENUM_CONVERSION = YES;
				CLANG_WARN_INFINITE_RECURSION = YES;
				CLANG_WARN_INT_CONVERSION = YES;
				CLANG_WARN_NON_LITERAL_NULL_CONVERSION = YES;
				CLANG_WARN_OBJC_IMPLICIT_RETAIN_SELF = YES;
				CLANG_WARN_OBJC_LITERAL_CONVERSION = YES;
				CLANG_WARN_OBJC_ROOT_CLASS = YES_ERROR;
				CLANG_WARN_QUOTED_INCLUDE_IN_FRAMEWORK_HEADER = YES;
				CLANG_WARN_RANGE_LOOP_ANALYSIS = YES;
				CLANG_WARN_STRICT_PROTOTYPES = YES;
				CLANG_WARN_SUSPICIOUS_MOVE = YES;
				CLANG_WARN_UNGUARDED_AVAILABILITY = YES_AGGRESSIVE;
				CLANG_WARN_UNREACHABLE_CODE = YES;
				CLANG_WARN__DUPLICATE_METHOD_MATCH = YES;
				COPY_PHASE_STRIP = NO;
				DEBUG_INFORMATION_FORMAT = dwarf;
				ENABLE_STRICT_OBJC_MSGSEND = YES;
				ENABLE_TESTABILITY = YES;
				GCC_C_LANGUAGE_STANDARD = gnu11;
				GCC_DYNAMIC_NO_PIC = NO;
				GCC_NO_COMMON_BLOCKS = YES;
				GCC_OPTIMIZATION_LEVEL = 0;
				GCC_PREPROCESSOR_DEFINITIONS = (
					"DEBUG=1",
					"$(inherited)",
				);
				GCC_WARN_64_TO_32_BIT_CONVERSION = YES;
				GCC_WARN_ABOUT_RETURN_TYPE = YES_ERROR;
				GCC_WARN_UNDECLARED_SELECTOR = YES;
				GCC_WARN_UNINITIALIZED_AUTOS = YES_AGGRESSIVE;
				GCC_WARN_UNUSED_FUNCTION = YES;
				GCC_WARN_UNUSED_VARIABLE = YES;
				IPHONEOS_DEPLOYMENT_TARGET = 15.4;
				MTL_ENABLE_DEBUG_INFO = INCLUDE_SOURCE;
				MTL_FAST_MATH = YES;
				ONLY_ACTIVE_ARCH = YES;
				SDKROOT = iphoneos;
				SWIFT_ACTIVE_COMPILATION_CONDITIONS = DEBUG;
				SWIFT_OPTIMIZATION_LEVEL = "-Onone";
			};
			name = Debug;
		};
		854CEC262821089F005D3AC4 /* Release */ = {
			isa = XCBuildConfiguration;
			buildSettings = {
				ALWAYS_SEARCH_USER_PATHS = NO;
				CLANG_ANALYZER_NONNULL = YES;
				CLANG_ANALYZER_NUMBER_OBJECT_CONVERSION = YES_AGGRESSIVE;
				CLANG_CXX_LANGUAGE_STANDARD = "gnu++17";
				CLANG_ENABLE_MODULES = YES;
				CLANG_ENABLE_OBJC_ARC = YES;
				CLANG_ENABLE_OBJC_WEAK = YES;
				CLANG_WARN_BLOCK_CAPTURE_AUTORELEASING = YES;
				CLANG_WARN_BOOL_CONVERSION = YES;
				CLANG_WARN_COMMA = YES;
				CLANG_WARN_CONSTANT_CONVERSION = YES;
				CLANG_WARN_DEPRECATED_OBJC_IMPLEMENTATIONS = YES;
				CLANG_WARN_DIRECT_OBJC_ISA_USAGE = YES_ERROR;
				CLANG_WARN_DOCUMENTATION_COMMENTS = YES;
				CLANG_WARN_EMPTY_BODY = YES;
				CLANG_WARN_ENUM_CONVERSION = YES;
				CLANG_WARN_INFINITE_RECURSION = YES;
				CLANG_WARN_INT_CONVERSION = YES;
				CLANG_WARN_NON_LITERAL_NULL_CONVERSION = YES;
				CLANG_WARN_OBJC_IMPLICIT_RETAIN_SELF = YES;
				CLANG_WARN_OBJC_LITERAL_CONVERSION = YES;
				CLANG_WARN_OBJC_ROOT_CLASS = YES_ERROR;
				CLANG_WARN_QUOTED_INCLUDE_IN_FRAMEWORK_HEADER = YES;
				CLANG_WARN_RANGE_LOOP_ANALYSIS = YES;
				CLANG_WARN_STRICT_PROTOTYPES = YES;
				CLANG_WARN_SUSPICIOUS_MOVE = YES;
				CLANG_WARN_UNGUARDED_AVAILABILITY = YES_AGGRESSIVE;
				CLANG_WARN_UNREACHABLE_CODE = YES;
				CLANG_WARN__DUPLICATE_METHOD_MATCH = YES;
				COPY_PHASE_STRIP = NO;
				DEBUG_INFORMATION_FORMAT = "dwarf-with-dsym";
				ENABLE_NS_ASSERTIONS = NO;
				ENABLE_STRICT_OBJC_MSGSEND = YES;
				GCC_C_LANGUAGE_STANDARD = gnu11;
				GCC_NO_COMMON_BLOCKS = YES;
				GCC_WARN_64_TO_32_BIT_CONVERSION = YES;
				GCC_WARN_ABOUT_RETURN_TYPE = YES_ERROR;
				GCC_WARN_UNDECLARED_SELECTOR = YES;
				GCC_WARN_UNINITIALIZED_AUTOS = YES_AGGRESSIVE;
				GCC_WARN_UNUSED_FUNCTION = YES;
				GCC_WARN_UNUSED_VARIABLE = YES;
				IPHONEOS_DEPLOYMENT_TARGET = 15.4;
				MTL_ENABLE_DEBUG_INFO = NO;
				MTL_FAST_MATH = YES;
				SDKROOT = iphoneos;
				SWIFT_COMPILATION_MODE = wholemodule;
				SWIFT_OPTIMIZATION_LEVEL = "-O";
				VALIDATE_PRODUCT = YES;
			};
			name = Release;
		};
		854CEC282821089F005D3AC4 /* Debug */ = {
			isa = XCBuildConfiguration;
			buildSettings = {
				ASSETCATALOG_COMPILER_APPICON_NAME = AppIcon;
				ASSETCATALOG_COMPILER_GLOBAL_ACCENT_COLOR_NAME = AccentColor;
				CODE_SIGN_STYLE = Automatic;
				CURRENT_PROJECT_VERSION = 1;
				DEVELOPMENT_ASSET_PATHS = "\"CoinGecko/Preview Content\"";
				DEVELOPMENT_TEAM = 2GVV92ZX73;
				ENABLE_PREVIEWS = YES;
				GENERATE_INFOPLIST_FILE = YES;
				INFOPLIST_KEY_UIApplicationSceneManifest_Generation = YES;
				INFOPLIST_KEY_UIApplicationSupportsIndirectInputEvents = YES;
				INFOPLIST_KEY_UILaunchScreen_Generation = YES;
				INFOPLIST_KEY_UISupportedInterfaceOrientations_iPad = "UIInterfaceOrientationPortrait UIInterfaceOrientationPortraitUpsideDown UIInterfaceOrientationLandscapeLeft UIInterfaceOrientationLandscapeRight";
				INFOPLIST_KEY_UISupportedInterfaceOrientations_iPhone = "UIInterfaceOrientationPortrait UIInterfaceOrientationLandscapeLeft UIInterfaceOrientationLandscapeRight";
				LD_RUNPATH_SEARCH_PATHS = (
					"$(inherited)",
					"@executable_path/Frameworks",
				);
				MARKETING_VERSION = 1.0;
				PRODUCT_BUNDLE_IDENTIFIER = com.amorf.CoinGecko;
				PRODUCT_NAME = "$(TARGET_NAME)";
				SWIFT_EMIT_LOC_STRINGS = YES;
				SWIFT_VERSION = 5.0;
				TARGETED_DEVICE_FAMILY = "1,2";
			};
			name = Debug;
		};
		854CEC292821089F005D3AC4 /* Release */ = {
			isa = XCBuildConfiguration;
			buildSettings = {
				ASSETCATALOG_COMPILER_APPICON_NAME = AppIcon;
				ASSETCATALOG_COMPILER_GLOBAL_ACCENT_COLOR_NAME = AccentColor;
				CODE_SIGN_STYLE = Automatic;
				CURRENT_PROJECT_VERSION = 1;
				DEVELOPMENT_ASSET_PATHS = "\"CoinGecko/Preview Content\"";
				DEVELOPMENT_TEAM = 2GVV92ZX73;
				ENABLE_PREVIEWS = YES;
				GENERATE_INFOPLIST_FILE = YES;
				INFOPLIST_KEY_UIApplicationSceneManifest_Generation = YES;
				INFOPLIST_KEY_UIApplicationSupportsIndirectInputEvents = YES;
				INFOPLIST_KEY_UILaunchScreen_Generation = YES;
				INFOPLIST_KEY_UISupportedInterfaceOrientations_iPad = "UIInterfaceOrientationPortrait UIInterfaceOrientationPortraitUpsideDown UIInterfaceOrientationLandscapeLeft UIInterfaceOrientationLandscapeRight";
				INFOPLIST_KEY_UISupportedInterfaceOrientations_iPhone = "UIInterfaceOrientationPortrait UIInterfaceOrientationLandscapeLeft UIInterfaceOrientationLandscapeRight";
				LD_RUNPATH_SEARCH_PATHS = (
					"$(inherited)",
					"@executable_path/Frameworks",
				);
				MARKETING_VERSION = 1.0;
				PRODUCT_BUNDLE_IDENTIFIER = com.amorf.CoinGecko;
				PRODUCT_NAME = "$(TARGET_NAME)";
				SWIFT_EMIT_LOC_STRINGS = YES;
				SWIFT_VERSION = 5.0;
				TARGETED_DEVICE_FAMILY = "1,2";
			};
			name = Release;
		};
/* End XCBuildConfiguration section */

/* Begin XCConfigurationList section */
		854CEC142821089D005D3AC4 /* Build configuration list for PBXProject "CoinGecko" */ = {
			isa = XCConfigurationList;
			buildConfigurations = (
				854CEC252821089F005D3AC4 /* Debug */,
				854CEC262821089F005D3AC4 /* Release */,
			);
			defaultConfigurationIsVisible = 0;
			defaultConfigurationName = Release;
		};
		854CEC272821089F005D3AC4 /* Build configuration list for PBXNativeTarget "CoinGecko" */ = {
			isa = XCConfigurationList;
			buildConfigurations = (
				854CEC282821089F005D3AC4 /* Debug */,
				854CEC292821089F005D3AC4 /* Release */,
			);
			defaultConfigurationIsVisible = 0;
			defaultConfigurationName = Release;
		};
/* End XCConfigurationList section */

/* Begin XCRemoteSwiftPackageReference section */
		8572192B2830F54400340E10 /* XCRemoteSwiftPackageReference "ChartView" */ = {
			isa = XCRemoteSwiftPackageReference;
			repositoryURL = "https://github.com/AppPear/ChartView";
			requirement = {
				kind = upToNextMajorVersion;
				minimumVersion = 1.0.0;
			};
		};
/* End XCRemoteSwiftPackageReference section */

/* Begin XCSwiftPackageProductDependency section */
		8572192C2830F54400340E10 /* SwiftUICharts */ = {
			isa = XCSwiftPackageProductDependency;
			package = 8572192B2830F54400340E10 /* XCRemoteSwiftPackageReference "ChartView" */;
			productName = SwiftUICharts;
		};
/* End XCSwiftPackageProductDependency section */
	};
	rootObject = 854CEC112821089D005D3AC4 /* Project object */;
}
